
Microsoft Visual Studio Solution File, Format Version 12.00
# Visual Studio Version 16
VisualStudioVersion = 16.0.30104.148
MinimumVisualStudioVersion = 10.0.40219.1
Project("{FAE04EC0-301F-11D3-BF4B-00C04F79EFBC}") = "JWTAuthDemo", "JWTAuthDemo\JWTAuthDemo.csproj", "{095A47AA-15A5-42EE-9DDB-26498C8C645F}"
EndProject
Global
	GlobalSection(SolutionConfigurationPlatforms) = preSolution
		Debug|Any CPU = Debug|Any CPU
		Release|Any CPU = Release|Any CPU
	EndGlobalSection
	GlobalSection(ProjectConfigurationPlatforms) = postSolution
		{095A47AA-15A5-42EE-9DDB-26498C8C645F}.Debug|Any CPU.ActiveCfg = Debug|Any CPU
		{095A47AA-15A5-42EE-9DDB-26498C8C645F}.Debug|Any CPU.Build.0 = Debug|Any CPU
		{095A47AA-15A5-42EE-9DDB-26498C8C645F}.Release|Any CPU.ActiveCfg = Release|Any CPU
		{095A47AA-15A5-42EE-9DDB-26498C8C645F}.Release|Any CPU.Build.0 = Release|Any CPU
	EndGlobalSection
	GlobalSection(SolutionProperties) = preSolution
		HideSolutionNode = FALSE
	EndGlobalSection
	GlobalSection(ExtensibilityGlobals) = postSolution
		SolutionGuid = {EE775E32-5A53-402E-B12B-21CE6F0B9DAC}
	EndGlobalSection
EndGlobal
